
Microsoft Visual Studio Solution File, Format Version 12.00
# Visual Studio Version 16
VisualStudioVersion = 16.0.32228.343
MinimumVisualStudioVersion = 10.0.40219.1
Project("{FAE04EC0-301F-11D3-BF4B-00C04F79EFBC}") = "AsyncWeb.Webserver", "AsyncWeb.Webserver\AsyncWeb.Webserver.csproj", "{EAD25242-D902-4C0C-A582-710ACC3B9940}"
EndProject
Project("{FAE04EC0-301F-11D3-BF4B-00C04F79EFBC}") = "AsyncWeb.UserInterface", "AsyncWeb.UserInterface\AsyncWeb.UserInterface.csproj", "{BA719051-41AA-4272-A491-11FE15941100}"
EndProject
Global
	GlobalSection(SolutionConfigurationPlatforms) = preSolution
		Debug|Any CPU = Debug|Any CPU
		Release|Any CPU = Release|Any CPU
	EndGlobalSection
	GlobalSection(ProjectConfigurationPlatforms) = postSolution
		{EAD25242-D902-4C0C-A582-710ACC3B9940}.Debug|Any CPU.ActiveCfg = Debug|Any CPU
		{EAD25242-D902-4C0C-A582-710ACC3B9940}.Debug|Any CPU.Build.0 = Debug|Any CPU
		{EAD25242-D902-4C0C-A582-710ACC3B9940}.Release|Any CPU.ActiveCfg = Release|Any CPU
		{EAD25242-D902-4C0C-A582-710ACC3B9940}.Release|Any CPU.Build.0 = Release|Any CPU
		{BA719051-41AA-4272-A491-11FE15941100}.Debug|Any CPU.ActiveCfg = Debug|Any CPU
		{BA719051-41AA-4272-A491-11FE15941100}.Debug|Any CPU.Build.0 = Debug|Any CPU
		{BA719051-41AA-4272-A491-11FE15941100}.Release|Any CPU.ActiveCfg = Release|Any CPU
		{BA719051-41AA-4272-A491-11FE15941100}.Release|Any CPU.Build.0 = Release|Any CPU
	EndGlobalSection
	GlobalSection(SolutionProperties) = preSolution
		HideSolutionNode = FALSE
	EndGlobalSection
	GlobalSection(ExtensibilityGlobals) = postSolution
		SolutionGuid = {E7506E87-03F0-4D97-BF0E-0E8893510E15}
	EndGlobalSection
EndGlobal
